{
  "version": 4,
  "terraform_version": "0.12.24",
  "serial": 13,
  "lineage": "9de58276-2008-8764-44a8-e253b63b8da9",
  "outputs": {
    "kubernetes_cluster_name": {
      "value": "careful-result-276221-gke",
      "type": "string"
    },
    "region": {
      "value": "us-central1",
      "type": "string"
    }
  },
  "resources": [
    {
      "mode": "managed",
      "type": "google_compute_network",
      "name": "vpc",
      "provider": "provider.google",
      "instances": [
        {
          "schema_version": 0,
          "attributes": {
            "auto_create_subnetworks": false,
            "delete_default_routes_on_create": false,
            "description": "",
            "gateway_ipv4": "",
            "id": "projects/careful-result-276221/global/networks/careful-result-276221-vpc",
            "ipv4_range": null,
            "name": "careful-result-276221-vpc",
            "project": "careful-result-276221",
            "routing_mode": "REGIONAL",
            "self_link": "https://www.googleapis.com/compute/v1/projects/careful-result-276221/global/networks/careful-result-276221-vpc",
            "timeouts": null
          },
          "private": "eyJlMmJmYjczMC1lY2FhLTExZTYtOGY4OC0zNDM2M2JjN2M0YzAiOnsiY3JlYXRlIjoyNDAwMDAwMDAwMDAsImRlbGV0ZSI6MjQwMDAwMDAwMDAwLCJ1cGRhdGUiOjI0MDAwMDAwMDAwMH19"
        }
      ]
    },
    {
      "mode": "managed",
      "type": "google_compute_subnetwork",
      "name": "subnet",
      "provider": "provider.google",
      "instances": [
        {
          "schema_version": 0,
          "attributes": {
            "creation_timestamp": "2020-05-05T21:01:44.639-07:00",
            "description": "",
            "enable_flow_logs": null,
            "fingerprint": null,
            "gateway_address": "10.10.0.1",
            "id": "projects/careful-result-276221/regions/us-central1/subnetworks/careful-result-276221-subnet",
            "ip_cidr_range": "10.10.0.0/24",
            "log_config": [],
            "name": "careful-result-276221-subnet",
            "network": "https://www.googleapis.com/compute/v1/projects/careful-result-276221/global/networks/careful-result-276221-vpc",
            "private_ip_google_access": false,
            "project": "careful-result-276221",
            "region": "us-central1",
            "secondary_ip_range": [],
            "self_link": "https://www.googleapis.com/compute/v1/projects/careful-result-276221/regions/us-central1/subnetworks/careful-result-276221-subnet",
            "timeouts": null
          },
          "private": "eyJlMmJmYjczMC1lY2FhLTExZTYtOGY4OC0zNDM2M2JjN2M0YzAiOnsiY3JlYXRlIjozNjAwMDAwMDAwMDAsImRlbGV0ZSI6MzYwMDAwMDAwMDAwLCJ1cGRhdGUiOjM2MDAwMDAwMDAwMH19",
          "dependencies": [
            "google_compute_network.vpc"
          ]
        }
      ]
    },
    {
      "mode": "managed",
      "type": "google_container_cluster",
      "name": "primary",
      "provider": "provider.google",
      "instances": [
        {
          "schema_version": 1,
          "attributes": {
            "additional_zones": [],
            "addons_config": [
              {
                "horizontal_pod_autoscaling": [],
                "http_load_balancing": [],
                "kubernetes_dashboard": [],
                "network_policy_config": [
                  {
                    "disabled": true
                  }
                ]
              }
            ],
            "authenticator_groups_config": [],
            "cluster_autoscaling": [
              {
                "auto_provisioning_defaults": [],
                "enabled": false,
                "resource_limits": []
              }
            ],
            "cluster_ipv4_cidr": "10.28.0.0/14",
            "default_max_pods_per_node": 110,
            "description": "",
            "enable_binary_authorization": false,
            "enable_intranode_visibility": null,
            "enable_kubernetes_alpha": false,
            "enable_legacy_abac": false,
            "enable_tpu": null,
            "endpoint": "104.154.24.250",
            "id": "projects/careful-result-276221/locations/us-central1/clusters/careful-result-276221-gke",
            "initial_node_count": 1,
            "instance_group_urls": [],
            "ip_allocation_policy": [],
            "label_fingerprint": "a9dc16a7",
            "location": "us-central1",
            "logging_service": "logging.googleapis.com/kubernetes",
            "maintenance_policy": [],
            "master_auth": [
              {
                "client_certificate": "",
                "client_certificate_config": [
                  {
                    "issue_client_certificate": false
                  }
                ],
                "client_key": "",
                "cluster_ca_certificate": "LS0tLS1CRUdJTiBDRVJUSUZJQ0FURS0tLS0tCk1JSURERENDQWZTZ0F3SUJBZ0lSQU5hN0Z6SUlOQVE0NXpuK1l4R2MyUGN3RFFZSktvWklodmNOQVFFTEJRQXcKTHpFdE1Dc0dBMVVFQXhNa05HWXdNekF6TnpVdFpqSTRaUzAwTURJeExUZ3daR0V0WlRabE1XRXpOV1l6WXpKaApNQjRYRFRJd01EVXdOakF6TURJd09Wb1hEVEkxTURVd05UQTBNREl3T1Zvd0x6RXRNQ3NHQTFVRUF4TWtOR1l3Ck16QXpOelV0WmpJNFpTMDBNREl4TFRnd1pHRXRaVFpsTVdFek5XWXpZekpoTUlJQklqQU5CZ2txaGtpRzl3MEIKQVFFRkFBT0NBUThBTUlJQkNnS0NBUUVBcTkwWnJqRWU0emhMZmJTMFIreTJCWGRjRzVTZ2hTemJ2VnF1bGxvYwpqMjZCZmw2a2ZzZmMrUHJQTWdGaWI2RDFTc0JyaWNiQ2NVN1B0NXRvaW1YWjBKdzluMXpRMG1DcXZxcW5JemlGCnRtMisvSGgwL2g3dGQ3b0F4anhPZ0M0dXVQa3B1SzBESk1jN0lvS1NoWmZ1R2FIRGpDUElOdzljcis4UVFDQlcKNGZTZ3dlMnBiLzYwcFkrYjIzZThvM214THRxc1MyTFVHK0lIblNvaGdWNGlTSU5ic3RwdmVvb0NsZExsaGppVApuR2k2TUM3c3oxSHB5NHdVQWl1dzZGSkhSV1FRSlYvaDVaa2xkM3VsWHltQS91eDRwMXlOWnVMMlpnVW15MStoCnQxMFlhdk1CamVOZlFER1hXbDVYSmxDNkpSaGtrZitHbnRqSVFIT3lxUUpIV1FJREFRQUJveU13SVRBT0JnTlYKSFE4QkFmOEVCQU1DQWdRd0R3WURWUjBUQVFIL0JBVXdBd0VCL3pBTkJna3Foa2lHOXcwQkFRc0ZBQU9DQVFFQQpodS9jRk5QSkl6YUtYeC9LMG1oNG5oUG1jOFJTeFFCV0x6Z2xsdjZaVjl2T3c4bDhRTk1wcUJqTmJPcmlqbUhSCmRFVGU1Rmg2eFQ2d1BEekVENUJsckEwMlQzbGJDRjIrWENPTW1NNUh5eUxkcU5kSVBBSHlyL0p2V29EUWE2YzQKakdZVmUyZ2JNK3E2d0xQRzlLRXVJYzJIaHVONHhMbkN0RnBvcWFUK3U0cEpNY3JGK2liU0wwdlF6NVA2clljYgpPRitTRDF1Wm5jZ21hRXhVUFhUSVVReVdjUHAyWEF0c3hKYVhGSlBLbU9NelZDcFFKR2N1cFhSZFBodEZzOEgwClppdG1MNGRrTVpRMU9TOGg5bzM2aldvVXRvblpqMk0ycGZMM0gvWVhzN2FLaTE3b09jZWJiU2J1bkYyYmtOek4KRjVLeFFwcEZGNnhBcEl0OHo5UEpzUT09Ci0tLS0tRU5EIENFUlRJRklDQVRFLS0tLS0K",
                "password": "",
                "username": ""
              }
            ],
            "master_authorized_networks_config": [],
            "master_version": "1.14.10-gke.27",
            "min_master_version": null,
            "monitoring_service": "monitoring.googleapis.com/kubernetes",
            "name": "careful-result-276221-gke",
            "network": "projects/careful-result-276221/global/networks/careful-result-276221-vpc",
            "network_policy": [
              {
                "enabled": false,
                "provider": "PROVIDER_UNSPECIFIED"
              }
            ],
            "node_config": [],
            "node_locations": [
              "us-central1-a",
              "us-central1-b",
              "us-central1-f"
            ],
            "node_pool": [],
            "node_version": "1.14.10-gke.27",
            "operation": null,
            "pod_security_policy_config": null,
            "private_cluster_config": [],
            "project": "careful-result-276221",
            "region": null,
            "remove_default_node_pool": true,
            "resource_labels": null,
            "resource_usage_export_config": [],
            "services_ipv4_cidr": "10.31.240.0/20",
            "subnetwork": "projects/careful-result-276221/regions/us-central1/subnetworks/careful-result-276221-subnet",
            "timeouts": null,
            "vertical_pod_autoscaling": [],
            "zone": null
          },
          "private": "eyJlMmJmYjczMC1lY2FhLTExZTYtOGY4OC0zNDM2M2JjN2M0YzAiOnsiY3JlYXRlIjoyNDAwMDAwMDAwMDAwLCJkZWxldGUiOjI0MDAwMDAwMDAwMDAsInVwZGF0ZSI6MzYwMDAwMDAwMDAwMH0sInNjaGVtYV92ZXJzaW9uIjoiMSJ9",
          "dependencies": [
            "google_compute_network.vpc",
            "google_compute_subnetwork.subnet"
          ]
        }
      ]
    }
  ]
}
